
Microsoft Visual Studio Solution File, Format Version 12.00
# Visual Studio Version 17
VisualStudioVersion = 17.12.35506.116 d17.12
MinimumVisualStudioVersion = 10.0.40219.1
Project("{FAE04EC0-301F-11D3-BF4B-00C04F79EFBC}") = "TournamentLibrary", "TournamentLibrary\TournamentLibrary.csproj", "{AB564C5F-1E2E-420F-9BE4-DE4FBA8777F0}"
EndProject
Project("{FAE04EC0-301F-11D3-BF4B-00C04F79EFBC}") = "TrackerUI", "TrackerUI\TrackerUI.csproj", "{2676A294-FCC2-4487-AB63-C991E6A9C034}"
EndProject
Global
	GlobalSection(SolutionConfigurationPlatforms) = preSolution
		Debug|Any CPU = Debug|Any CPU
		Release|Any CPU = Release|Any CPU
	EndGlobalSection
	GlobalSection(ProjectConfigurationPlatforms) = postSolution
		{AB564C5F-1E2E-420F-9BE4-DE4FBA8777F0}.Debug|Any CPU.ActiveCfg = Debug|Any CPU
		{AB564C5F-1E2E-420F-9BE4-DE4FBA8777F0}.Debug|Any CPU.Build.0 = Debug|Any CPU
		{AB564C5F-1E2E-420F-9BE4-DE4FBA8777F0}.Release|Any CPU.ActiveCfg = Release|Any CPU
		{AB564C5F-1E2E-420F-9BE4-DE4FBA8777F0}.Release|Any CPU.Build.0 = Release|Any CPU
		{2676A294-FCC2-4487-AB63-C991E6A9C034}.Debug|Any CPU.ActiveCfg = Debug|Any CPU
		{2676A294-FCC2-4487-AB63-C991E6A9C034}.Debug|Any CPU.Build.0 = Debug|Any CPU
		{2676A294-FCC2-4487-AB63-C991E6A9C034}.Release|Any CPU.ActiveCfg = Release|Any CPU
		{2676A294-FCC2-4487-AB63-C991E6A9C034}.Release|Any CPU.Build.0 = Release|Any CPU
	EndGlobalSection
	GlobalSection(SolutionProperties) = preSolution
		HideSolutionNode = FALSE
	EndGlobalSection
EndGlobal
